// !$*UTF8*$!
{
	archiveVersion = 1;
	classes = {
	};
	objectVersion = 46;
	objects = {

/* Begin PBXBuildFile section */
		26A2C26918D8C76B004604B9 /* Foundation.framework in Frameworks */ = {isa = PBXBuildFile; fileRef = 26A2C26818D8C76B004604B9 /* Foundation.framework */; };
		26A2C26B18D8C76B004604B9 /* CoreGraphics.framework in Frameworks */ = {isa = PBXBuildFile; fileRef = 26A2C26A18D8C76B004604B9 /* CoreGraphics.framework */; };
		26A2C26D18D8C76B004604B9 /* UIKit.framework in Frameworks */ = {isa = PBXBuildFile; fileRef = 26A2C26C18D8C76B004604B9 /* UIKit.framework */; };
		26A2C27318D8C76B004604B9 /* InfoPlist.strings in Resources */ = {isa = PBXBuildFile; fileRef = 26A2C27118D8C76B004604B9 /* InfoPlist.strings */; };
		26A2C27518D8C76B004604B9 /* main.m in Sources */ = {isa = PBXBuildFile; fileRef = 26A2C27418D8C76B004604B9 /* main.m */; };
		26A2C27918D8C76B004604B9 /* AppDelegate.m in Sources */ = {isa = PBXBuildFile; fileRef = 26A2C27818D8C76B004604B9 /* AppDelegate.m */; };
		26A2C27C18D8C76B004604B9 /* Main.storyboard in Resources */ = {isa = PBXBuildFile; fileRef = 26A2C27A18D8C76B004604B9 /* Main.storyboard */; };
		26A2C27F18D8C76B004604B9 /* ViewController.m in Sources */ = {isa = PBXBuildFile; fileRef = 26A2C27E18D8C76B004604B9 /* ViewController.m */; };
		26A2C28118D8C76B004604B9 /* Images.xcassets in Resources */ = {isa = PBXBuildFile; fileRef = 26A2C28018D8C76B004604B9 /* Images.xcassets */; };
		26A2C28818D8C76B004604B9 /* XCTest.framework in Frameworks */ = {isa = PBXBuildFile; fileRef = 26A2C28718D8C76B004604B9 /* XCTest.framework */; };
		26A2C28918D8C76B004604B9 /* Foundation.framework in Frameworks */ = {isa = PBXBuildFile; fileRef = 26A2C26818D8C76B004604B9 /* Foundation.framework */; };
		26A2C28A18D8C76B004604B9 /* UIKit.framework in Frameworks */ = {isa = PBXBuildFile; fileRef = 26A2C26C18D8C76B004604B9 /* UIKit.framework */; };
		26A2C29218D8C76B004604B9 /* InfoPlist.strings in Resources */ = {isa = PBXBuildFile; fileRef = 26A2C29018D8C76B004604B9 /* InfoPlist.strings */; };
		26A2C29418D8C76B004604B9 /* MCMSTests.m in Sources */ = {isa = PBXBuildFile; fileRef = 26A2C29318D8C76B004604B9 /* MCMSTests.m */; };
/* End PBXBuildFile section */

/* Begin PBXContainerItemProxy section */
		26A2C28B18D8C76B004604B9 /* PBXContainerItemProxy */ = {
			isa = PBXContainerItemProxy;
			containerPortal = 26A2C25D18D8C76B004604B9 /* Project object */;
			proxyType = 1;
			remoteGlobalIDString = 26A2C26418D8C76B004604B9;
			remoteInfo = MCMS;
		};
/* End PBXContainerItemProxy section */

/* Begin PBXFileReference section */
		26A2C26518D8C76B004604B9 /* MCMS.app */ = {isa = PBXFileReference; explicitFileType = wrapper.application; includeInIndex = 0; path = MCMS.app; sourceTree = BUILT_PRODUCTS_DIR; };
		26A2C26818D8C76B004604B9 /* Foundation.framework */ = {isa = PBXFileReference; lastKnownFileType = wrapper.framework; name = Foundation.framework; path = System/Library/Frameworks/Foundation.framework; sourceTree = SDKROOT; };
		26A2C26A18D8C76B004604B9 /* CoreGraphics.framework */ = {isa = PBXFileReference; lastKnownFileType = wrapper.framework; name = CoreGraphics.framework; path = System/Library/Frameworks/CoreGraphics.framework; sourceTree = SDKROOT; };
		26A2C26C18D8C76B004604B9 /* UIKit.framework */ = {isa = PBXFileReference; lastKnownFileType = wrapper.framework; name = UIKit.framework; path = System/Library/Frameworks/UIKit.framework; sourceTree = SDKROOT; };
		26A2C27018D8C76B004604B9 /* MCMS-Info.plist */ = {isa = PBXFileReference; lastKnownFileType = text.plist.xml; path = "MCMS-Info.plist"; sourceTree = "<group>"; };
		26A2C27218D8C76B004604B9 /* en */ = {isa = PBXFileReference; lastKnownFileType = text.plist.strings; name = en; path = en.lproj/InfoPlist.strings; sourceTree = "<group>"; };
		26A2C27418D8C76B004604B9 /* main.m */ = {isa = PBXFileReference; lastKnownFileType = sourcecode.c.objc; path = main.m; sourceTree = "<group>"; };
		26A2C27618D8C76B004604B9 /* MCMS-Prefix.pch */ = {isa = PBXFileReference; lastKnownFileType = sourcecode.c.h; path = "MCMS-Prefix.pch"; sourceTree = "<group>"; };
		26A2C27718D8C76B004604B9 /* AppDelegate.h */ = {isa = PBXFileReference; lastKnownFileType = sourcecode.c.h; path = AppDelegate.h; sourceTree = "<group>"; };
		26A2C27818D8C76B004604B9 /* AppDelegate.m */ = {isa = PBXFileReference; lastKnownFileType = sourcecode.c.objc; path = AppDelegate.m; sourceTree = "<group>"; };
		26A2C27B18D8C76B004604B9 /* Base */ = {isa = PBXFileReference; lastKnownFileType = file.storyboard; name = Base; path = Base.lproj/Main.storyboard; sourceTree = "<group>"; };
		26A2C27D18D8C76B004604B9 /* ViewController.h */ = {isa = PBXFileReference; lastKnownFileType = sourcecode.c.h; path = ViewController.h; sourceTree = "<group>"; };
		26A2C27E18D8C76B004604B9 /* ViewController.m */ = {isa = PBXFileReference; lastKnownFileType = sourcecode.c.objc; path = ViewController.m; sourceTree = "<group>"; };
		26A2C28018D8C76B004604B9 /* Images.xcassets */ = {isa = PBXFileReference; lastKnownFileType = folder.assetcatalog; path = Images.xcassets; sourceTree = "<group>"; };
		26A2C28618D8C76B004604B9 /* MCMSTests.xctest */ = {isa = PBXFileReference; explicitFileType = wrapper.cfbundle; includeInIndex = 0; path = MCMSTests.xctest; sourceTree = BUILT_PRODUCTS_DIR; };
		26A2C28718D8C76B004604B9 /* XCTest.framework */ = {isa = PBXFileReference; lastKnownFileType = wrapper.framework; name = XCTest.framework; path = Library/Frameworks/XCTest.framework; sourceTree = DEVELOPER_DIR; };
		26A2C28F18D8C76B004604B9 /* MCMSTests-Info.plist */ = {isa = PBXFileReference; lastKnownFileType = text.plist.xml; path = "MCMSTests-Info.plist"; sourceTree = "<group>"; };
		26A2C29118D8C76B004604B9 /* en */ = {isa = PBXFileReference; lastKnownFileType = text.plist.strings; name = en; path = en.lproj/InfoPlist.strings; sourceTree = "<group>"; };
		26A2C29318D8C76B004604B9 /* MCMSTests.m */ = {isa = PBXFileReference; lastKnownFileType = sourcecode.c.objc; path = MCMSTests.m; sourceTree = "<group>"; };
/* End PBXFileReference section */

/* Begin PBXFrameworksBuildPhase section */
		26A2C26218D8C76B004604B9 /* Frameworks */ = {
			isa = PBXFrameworksBuildPhase;
			buildActionMask = 2147483647;
			files = (
				26A2C26B18D8C76B004604B9 /* CoreGraphics.framework in Frameworks */,
				26A2C26D18D8C76B004604B9 /* UIKit.framework in Frameworks */,
				26A2C26918D8C76B004604B9 /* Foundation.framework in Frameworks */,
			);
			runOnlyForDeploymentPostprocessing = 0;
		};
		26A2C28318D8C76B004604B9 /* Frameworks */ = {
			isa = PBXFrameworksBuildPhase;
			buildActionMask = 2147483647;
			files = (
				26A2C28818D8C76B004604B9 /* XCTest.framework in Frameworks */,
				26A2C28A18D8C76B004604B9 /* UIKit.framework in Frameworks */,
				26A2C28918D8C76B004604B9 /* Foundation.framework in Frameworks */,
			);
			runOnlyForDeploymentPostprocessing = 0;
		};
/* End PBXFrameworksBuildPhase section */

/* Begin PBXGroup section */
		26A2C25C18D8C76B004604B9 = {
			isa = PBXGroup;
			children = (
				26A2C26E18D8C76B004604B9 /* MCMS */,
				26A2C28D18D8C76B004604B9 /* MCMSTests */,
				26A2C26718D8C76B004604B9 /* Frameworks */,
				26A2C26618D8C76B004604B9 /* Products */,
			);
			sourceTree = "<group>";
		};
		26A2C26618D8C76B004604B9 /* Products */ = {
			isa = PBXGroup;
			children = (
				26A2C26518D8C76B004604B9 /* MCMS.app */,
				26A2C28618D8C76B004604B9 /* MCMSTests.xctest */,
			);
			name = Products;
			sourceTree = "<group>";
		};
		26A2C26718D8C76B004604B9 /* Frameworks */ = {
			isa = PBXGroup;
			children = (
				26A2C26818D8C76B004604B9 /* Foundation.framework */,
				26A2C26A18D8C76B004604B9 /* CoreGraphics.framework */,
				26A2C26C18D8C76B004604B9 /* UIKit.framework */,
				26A2C28718D8C76B004604B9 /* XCTest.framework */,
			);
			name = Frameworks;
			sourceTree = "<group>";
		};
		26A2C26E18D8C76B004604B9 /* MCMS */ = {
			isa = PBXGroup;
			children = (
				26A2C27718D8C76B004604B9 /* AppDelegate.h */,
				26A2C27818D8C76B004604B9 /* AppDelegate.m */,
				26A2C27A18D8C76B004604B9 /* Main.storyboard */,
				26A2C27D18D8C76B004604B9 /* ViewController.h */,
				26A2C27E18D8C76B004604B9 /* ViewController.m */,
				26A2C28018D8C76B004604B9 /* Images.xcassets */,
				26A2C26F18D8C76B004604B9 /* Supporting Files */,
			);
			path = MCMS;
			sourceTree = "<group>";
		};
		26A2C26F18D8C76B004604B9 /* Supporting Files */ = {
			isa = PBXGroup;
			children = (
				26A2C27018D8C76B004604B9 /* MCMS-Info.plist */,
				26A2C27118D8C76B004604B9 /* InfoPlist.strings */,
				26A2C27418D8C76B004604B9 /* main.m */,
				26A2C27618D8C76B004604B9 /* MCMS-Prefix.pch */,
			);
			name = "Supporting Files";
			sourceTree = "<group>";
		};
		26A2C28D18D8C76B004604B9 /* MCMSTests */ = {
			isa = PBXGroup;
			children = (
				26A2C29318D8C76B004604B9 /* MCMSTests.m */,
				26A2C28E18D8C76B004604B9 /* Supporting Files */,
			);
			path = MCMSTests;
			sourceTree = "<group>";
		};
		26A2C28E18D8C76B004604B9 /* Supporting Files */ = {
			isa = PBXGroup;
			children = (
				26A2C28F18D8C76B004604B9 /* MCMSTests-Info.plist */,
				26A2C29018D8C76B004604B9 /* InfoPlist.strings */,
			);
			name = "Supporting Files";
			sourceTree = "<group>";
		};
/* End PBXGroup section */

/* Begin PBXNativeTarget section */
		26A2C26418D8C76B004604B9 /* MCMS */ = {
			isa = PBXNativeTarget;
			buildConfigurationList = 26A2C29718D8C76B004604B9 /* Build configuration list for PBXNativeTarget "MCMS" */;
			buildPhases = (
				26A2C26118D8C76B004604B9 /* Sources */,
				26A2C26218D8C76B004604B9 /* Frameworks */,
				26A2C26318D8C76B004604B9 /* Resources */,
			);
			buildRules = (
			);
			dependencies = (
			);
			name = MCMS;
			productName = MCMS;
			productReference = 26A2C26518D8C76B004604B9 /* MCMS.app */;
			productType = "com.apple.product-type.application";
		};
		26A2C28518D8C76B004604B9 /* MCMSTests */ = {
			isa = PBXNativeTarget;
			buildConfigurationList = 26A2C29A18D8C76B004604B9 /* Build configuration list for PBXNativeTarget "MCMSTests" */;
			buildPhases = (
				26A2C28218D8C76B004604B9 /* Sources */,
				26A2C28318D8C76B004604B9 /* Frameworks */,
				26A2C28418D8C76B004604B9 /* Resources */,
			);
			buildRules = (
			);
			dependencies = (
				26A2C28C18D8C76B004604B9 /* PBXTargetDependency */,
			);
			name = MCMSTests;
			productName = MCMSTests;
			productReference = 26A2C28618D8C76B004604B9 /* MCMSTests.xctest */;
			productType = "com.apple.product-type.bundle.unit-test";
		};
/* End PBXNativeTarget section */

/* Begin PBXProject section */
		26A2C25D18D8C76B004604B9 /* Project object */ = {
			isa = PBXProject;
			attributes = {
				LastUpgradeCheck = 0510;
				ORGANIZATIONNAME = "Manas Pradhan";
				TargetAttributes = {
					26A2C28518D8C76B004604B9 = {
						TestTargetID = 26A2C26418D8C76B004604B9;
					};
				};
			};
			buildConfigurationList = 26A2C26018D8C76B004604B9 /* Build configuration list for PBXProject "MCMS" */;
			compatibilityVersion = "Xcode 3.2";
			developmentRegion = English;
			hasScannedForEncodings = 0;
			knownRegions = (
				en,
				Base,
			);
			mainGroup = 26A2C25C18D8C76B004604B9;
			productRefGroup = 26A2C26618D8C76B004604B9 /* Products */;
			projectDirPath = "";
			projectRoot = "";
			targets = (
				26A2C26418D8C76B004604B9 /* MCMS */,
				26A2C28518D8C76B004604B9 /* MCMSTests */,
			);
		};
/* End PBXProject section */

/* Begin PBXResourcesBuildPhase section */
		26A2C26318D8C76B004604B9 /* Resources */ = {
			isa = PBXResourcesBuildPhase;
			buildActionMask = 2147483647;
			files = (
				26A2C28118D8C76B004604B9 /* Images.xcassets in Resources */,
				26A2C27318D8C76B004604B9 /* InfoPlist.strings in Resources */,
				26A2C27C18D8C76B004604B9 /* Main.storyboard in Resources */,
			);
			runOnlyForDeploymentPostprocessing = 0;
		};
		26A2C28418D8C76B004604B9 /* Resources */ = {
			isa = PBXResourcesBuildPhase;
			buildActionMask = 2147483647;
			files = (
				26A2C29218D8C76B004604B9 /* InfoPlist.strings in Resources */,
			);
			runOnlyForDeploymentPostprocessing = 0;
		};
/* End PBXResourcesBuildPhase section */

/* Begin PBXSourcesBuildPhase section */
		26A2C26118D8C76B004604B9 /* Sources */ = {
			isa = PBXSourcesBuildPhase;
			buildActionMask = 2147483647;
			files = (
				26A2C27F18D8C76B004604B9 /* ViewController.m in Sources */,
				26A2C27918D8C76B004604B9 /* AppDelegate.m in Sources */,
				26A2C27518D8C76B004604B9 /* main.m in Sources */,
			);
			runOnlyForDeploymentPostprocessing = 0;
		};
		26A2C28218D8C76B004604B9 /* Sources */ = {
			isa = PBXSourcesBuildPhase;
			buildActionMask = 2147483647;
			files = (
				26A2C29418D8C76B004604B9 /* MCMSTests.m in Sources */,
			);
			runOnlyForDeploymentPostprocessing = 0;
		};
/* End PBXSourcesBuildPhase section */

/* Begin PBXTargetDependency section */
		26A2C28C18D8C76B004604B9 /* PBXTargetDependency */ = {
			isa = PBXTargetDependency;
			target = 26A2C26418D8C76B004604B9 /* MCMS */;
			targetProxy = 26A2C28B18D8C76B004604B9 /* PBXContainerItemProxy */;
		};
/* End PBXTargetDependency section */

/* Begin PBXVariantGroup section */
		26A2C27118D8C76B004604B9 /* InfoPlist.strings */ = {
			isa = PBXVariantGroup;
			children = (
				26A2C27218D8C76B004604B9 /* en */,
			);
			name = InfoPlist.strings;
			sourceTree = "<group>";
		};
		26A2C27A18D8C76B004604B9 /* Main.storyboard */ = {
			isa = PBXVariantGroup;
			children = (
				26A2C27B18D8C76B004604B9 /* Base */,
			);
			name = Main.storyboard;
			sourceTree = "<group>";
		};
		26A2C29018D8C76B004604B9 /* InfoPlist.strings */ = {
			isa = PBXVariantGroup;
			children = (
				26A2C29118D8C76B004604B9 /* en */,
			);
			name = InfoPlist.strings;
			sourceTree = "<group>";
		};
/* End PBXVariantGroup section */

/* Begin XCBuildConfiguration section */
		26A2C29518D8C76B004604B9 /* Debug */ = {
			isa = XCBuildConfiguration;
			buildSettings = {
				ALWAYS_SEARCH_USER_PATHS = NO;
				CLANG_CXX_LANGUAGE_STANDARD = "gnu++0x";
				CLANG_CXX_LIBRARY = "libc++";
				CLANG_ENABLE_MODULES = YES;
				CLANG_ENABLE_OBJC_ARC = YES;
				CLANG_WARN_BOOL_CONVERSION = YES;
				CLANG_WARN_CONSTANT_CONVERSION = YES;
				CLANG_WARN_DIRECT_OBJC_ISA_USAGE = YES_ERROR;
				CLANG_WARN_EMPTY_BODY = YES;
				CLANG_WARN_ENUM_CONVERSION = YES;
				CLANG_WARN_INT_CONVERSION = YES;
				CLANG_WARN_OBJC_ROOT_CLASS = YES_ERROR;
				CLANG_WARN__DUPLICATE_METHOD_MATCH = YES;
				"CODE_SIGN_IDENTITY[sdk=iphoneos*]" = "iPhone Developer";
				COPY_PHASE_STRIP = NO;
				GCC_C_LANGUAGE_STANDARD = gnu99;
				GCC_DYNAMIC_NO_PIC = NO;
				GCC_OPTIMIZATION_LEVEL = 0;
				GCC_PREPROCESSOR_DEFINITIONS = (
					"DEBUG=1",
					"$(inherited)",
				);
				GCC_SYMBOLS_PRIVATE_EXTERN = NO;
				GCC_WARN_64_TO_32_BIT_CONVERSION = YES;
				GCC_WARN_ABOUT_RETURN_TYPE = YES_ERROR;
				GCC_WARN_UNDECLARED_SELECTOR = YES;
				GCC_WARN_UNINITIALIZED_AUTOS = YES_AGGRESSIVE;
				GCC_WARN_UNUSED_FUNCTION = YES;
				GCC_WARN_UNUSED_VARIABLE = YES;
				IPHONEOS_DEPLOYMENT_TARGET = 7.1;
				ONLY_ACTIVE_ARCH = YES;
				SDKROOT = iphoneos;
			};
			name = Debug;
		};
		26A2C29618D8C76B004604B9 /* Release */ = {
			isa = XCBuildConfiguration;
			buildSettings = {
				ALWAYS_SEARCH_USER_PATHS = NO;
				CLANG_CXX_LANGUAGE_STANDARD = "gnu++0x";
				CLANG_CXX_LIBRARY = "libc++";
				CLANG_ENABLE_MODULES = YES;
				CLANG_ENABLE_OBJC_ARC = YES;
				CLANG_WARN_BOOL_CONVERSION = YES;
				CLANG_WARN_CONSTANT_CONVERSION = YES;
				CLANG_WARN_DIRECT_OBJC_ISA_USAGE = YES_ERROR;
				CLANG_WARN_EMPTY_BODY = YES;
				CLANG_WARN_ENUM_CONVERSION = YES;
				CLANG_WARN_INT_CONVERSION = YES;
				CLANG_WARN_OBJC_ROOT_CLASS = YES_ERROR;
				CLANG_WARN__DUPLICATE_METHOD_MATCH = YES;
				"CODE_SIGN_IDENTITY[sdk=iphoneos*]" = "iPhone Developer";
				COPY_PHASE_STRIP = YES;
				ENABLE_NS_ASSERTIONS = NO;
				GCC_C_LANGUAGE_STANDARD = gnu99;
				GCC_WARN_64_TO_32_BIT_CONVERSION = YES;
				GCC_WARN_ABOUT_RETURN_TYPE = YES_ERROR;
				GCC_WARN_UNDECLARED_SELECTOR = YES;
				GCC_WARN_UNINITIALIZED_AUTOS = YES_AGGRESSIVE;
				GCC_WARN_UNUSED_FUNCTION = YES;
				GCC_WARN_UNUSED_VARIABLE = YES;
				IPHONEOS_DEPLOYMENT_TARGET = 7.1;
				SDKROOT = iphoneos;
				VALIDATE_PRODUCT = YES;
			};
			name = Release;
		};
		26A2C29818D8C76B004604B9 /* Debug */ = {
			isa = XCBuildConfiguration;
			buildSettings = {
				ASSETCATALOG_COMPILER_APPICON_NAME = AppIcon;
				ASSETCATALOG_COMPILER_LAUNCHIMAGE_NAME = LaunchImage;
				GCC_PRECOMPILE_PREFIX_HEADER = YES;
				GCC_PREFIX_HEADER = "MCMS/MCMS-Prefix.pch";
				INFOPLIST_FILE = "MCMS/MCMS-Info.plist";
				PRODUCT_NAME = "$(TARGET_NAME)";
				WRAPPER_EXTENSION = app;
			};
			name = Debug;
		};
		26A2C29918D8C76B004604B9 /* Release */ = {
			isa = XCBuildConfiguration;
			buildSettings = {
				ASSETCATALOG_COMPILER_APPICON_NAME = AppIcon;
				ASSETCATALOG_COMPILER_LAUNCHIMAGE_NAME = LaunchImage;
				GCC_PRECOMPILE_PREFIX_HEADER = YES;
				GCC_PREFIX_HEADER = "MCMS/MCMS-Prefix.pch";
				INFOPLIST_FILE = "MCMS/MCMS-Info.plist";
				PRODUCT_NAME = "$(TARGET_NAME)";
				WRAPPER_EXTENSION = app;
			};
			name = Release;
		};
		26A2C29B18D8C76B004604B9 /* Debug */ = {
			isa = XCBuildConfiguration;
			buildSettings = {
				BUNDLE_LOADER = "$(BUILT_PRODUCTS_DIR)/MCMS.app/MCMS";
				FRAMEWORK_SEARCH_PATHS = (
					"$(SDKROOT)/Developer/Library/Frameworks",
					"$(inherited)",
					"$(DEVELOPER_FRAMEWORKS_DIR)",
				);
				GCC_PRECOMPILE_PREFIX_HEADER = YES;
				GCC_PREFIX_HEADER = "MCMS/MCMS-Prefix.pch";
				GCC_PREPROCESSOR_DEFINITIONS = (
					"DEBUG=1",
					"$(inherited)",
				);
				INFOPLIST_FILE = "MCMSTests/MCMSTests-Info.plist";
				PRODUCT_NAME = "$(TARGET_NAME)";
				TEST_HOST = "$(BUNDLE_LOADER)";
				WRAPPER_EXTENSION = xctest;
			};
			name = Debug;
		};
		26A2C29C18D8C76B004604B9 /* Release */ = {
			isa = XCBuildConfiguration;
			buildSettings = {
				BUNDLE_LOADER = "$(BUILT_PRODUCTS_DIR)/MCMS.app/MCMS";
				FRAMEWORK_SEARCH_PATHS = (
					"$(SDKROOT)/Developer/Library/Frameworks",
					"$(inherited)",
					"$(DEVELOPER_FRAMEWORKS_DIR)",
				);
				GCC_PRECOMPILE_PREFIX_HEADER = YES;
				GCC_PREFIX_HEADER = "MCMS/MCMS-Prefix.pch";
				INFOPLIST_FILE = "MCMSTests/MCMSTests-Info.plist";
				PRODUCT_NAME = "$(TARGET_NAME)";
				TEST_HOST = "$(BUNDLE_LOADER)";
				WRAPPER_EXTENSION = xctest;
			};
			name = Release;
		};
/* End XCBuildConfiguration section */

/* Begin XCConfigurationList section */
		26A2C26018D8C76B004604B9 /* Build configuration list for PBXProject "MCMS" */ = {
			isa = XCConfigurationList;
			buildConfigurations = (
				26A2C29518D8C76B004604B9 /* Debug */,
				26A2C29618D8C76B004604B9 /* Release */,
			);
			defaultConfigurationIsVisible = 0;
			defaultConfigurationName = Release;
		};
		26A2C29718D8C76B004604B9 /* Build configuration list for PBXNativeTarget "MCMS" */ = {
			isa = XCConfigurationList;
			buildConfigurations = (
				26A2C29818D8C76B004604B9 /* Debug */,
				26A2C29918D8C76B004604B9 /* Release */,
			);
			defaultConfigurationIsVisible = 0;
		};
		26A2C29A18D8C76B004604B9 /* Build configuration list for PBXNativeTarget "MCMSTests" */ = {
			isa = XCConfigurationList;
			buildConfigurations = (
				26A2C29B18D8C76B004604B9 /* Debug */,
				26A2C29C18D8C76B004604B9 /* Release */,
			);
			defaultConfigurationIsVisible = 0;
		};
/* End XCConfigurationList section */
	};
	rootObject = 26A2C25D18D8C76B004604B9 /* Project object */;
}
